// !$*UTF8*$!
{
	archiveVersion = 1;
	classes = {
	};
	objectVersion = 50;
	objects = {

/* Begin PBXBuildFile section */
		3F08A45C2422396200492AEA /* AppDelegate.swift in Sources */ = {isa = PBXBuildFile; fileRef = 3F08A45B2422396200492AEA /* AppDelegate.swift */; };
		3F08A45E2422396200492AEA /* ViewController.swift in Sources */ = {isa = PBXBuildFile; fileRef = 3F08A45D2422396200492AEA /* ViewController.swift */; };
		3F08A4612422396200492AEA /* Main.storyboard in Resources */ = {isa = PBXBuildFile; fileRef = 3F08A45F2422396200492AEA /* Main.storyboard */; };
		3F08A4642422396200492AEA /* Fogsi_iOS.xcdatamodeld in Sources */ = {isa = PBXBuildFile; fileRef = 3F08A4622422396200492AEA /* Fogsi_iOS.xcdatamodeld */; };
		3F08A4662422397100492AEA /* Assets.xcassets in Resources */ = {isa = PBXBuildFile; fileRef = 3F08A4652422397100492AEA /* Assets.xcassets */; };
		3F08A4692422397100492AEA /* LaunchScreen.storyboard in Resources */ = {isa = PBXBuildFile; fileRef = 3F08A4672422397100492AEA /* LaunchScreen.storyboard */; };
		3F22E300242DCD4700AAE924 /* CollectionViewController1.swift in Sources */ = {isa = PBXBuildFile; fileRef = 3F22E2FF242DCD4600AAE924 /* CollectionViewController1.swift */; };
		3F22E302242DD3D900AAE924 /* CollectionViewCell1.swift in Sources */ = {isa = PBXBuildFile; fileRef = 3F22E301242DD3D900AAE924 /* CollectionViewCell1.swift */; };
		3F22E304242E3D4200AAE924 /* FogsiProfile.swift in Sources */ = {isa = PBXBuildFile; fileRef = 3F22E303242E3D4200AAE924 /* FogsiProfile.swift */; };
		3F35BD9124227430001CFE16 /* CollectionViewCell.swift in Sources */ = {isa = PBXBuildFile; fileRef = 3F35BD9024227430001CFE16 /* CollectionViewCell.swift */; };
		3F35BD93242279D4001CFE16 /* CollectionReusableView.swift in Sources */ = {isa = PBXBuildFile; fileRef = 3F35BD92242279D4001CFE16 /* CollectionReusableView.swift */; };
		3F37510924346157000E7F99 /* pastVC.swift in Sources */ = {isa = PBXBuildFile; fileRef = 3F37510824346157000E7F99 /* pastVC.swift */; };
		3F37510B24346531000E7F99 /* committeeCVC.swift in Sources */ = {isa = PBXBuildFile; fileRef = 3F37510A24346531000E7F99 /* committeeCVC.swift */; };
		3F37510E243466A6000E7F99 /* committeeCCell.swift in Sources */ = {isa = PBXBuildFile; fileRef = 3F37510D243466A6000E7F99 /* committeeCCell.swift */; };
		3F3751112434DF83000E7F99 /* contactUsVC.swift in Sources */ = {isa = PBXBuildFile; fileRef = 3F3751102434DF83000E7F99 /* contactUsVC.swift */; };
		3F3751132434DFE3000E7F99 /* MessageUI.framework in Frameworks */ = {isa = PBXBuildFile; fileRef = 3F3751122434DFE3000E7F99 /* MessageUI.framework */; };
		3F3751152434E49A000E7F99 /* MapKit.framework in Frameworks */ = {isa = PBXBuildFile; fileRef = 3F3751142434E49A000E7F99 /* MapKit.framework */; };
		3F5408BA242F97080039089B /* missionAndVision.swift in Sources */ = {isa = PBXBuildFile; fileRef = 3F5408B9242F97080039089B /* missionAndVision.swift */; };
		3F5408BF242FC9CA0039089B /* Default-568h@2x.png in Resources */ = {isa = PBXBuildFile; fileRef = 3F5408BE242FC9CA0039089B /* Default-568h@2x.png */; };
		3F54819C2435BBF600110904 /* newsLetterVC.swift in Sources */ = {isa = PBXBuildFile; fileRef = 3F54819B2435BBF600110904 /* newsLetterVC.swift */; };
		3F5481A3243646D100110904 /* fogsi2020TVC.swift in Sources */ = {isa = PBXBuildFile; fileRef = 3F5481A2243646D100110904 /* fogsi2020TVC.swift */; };
		3F5481A52436470800110904 /* fogsi2020TVCell.swift in Sources */ = {isa = PBXBuildFile; fileRef = 3F5481A42436470800110904 /* fogsi2020TVCell.swift */; };
		3F9EB39B2431E1A9005BC388 /* constitutionWebView.swift in Sources */ = {isa = PBXBuildFile; fileRef = 3F9EB39A2431E1A8005BC388 /* constitutionWebView.swift */; };
		3F9EB39D2431E556005BC388 /* organoCollectionView.swift in Sources */ = {isa = PBXBuildFile; fileRef = 3F9EB39C2431E556005BC388 /* organoCollectionView.swift */; };
		3F9EB39F2431E580005BC388 /* organoCell.swift in Sources */ = {isa = PBXBuildFile; fileRef = 3F9EB39E2431E580005BC388 /* organoCell.swift */; };
		3F9EB3A5243310A9005BC388 /* officeBCollectionViewController.swift in Sources */ = {isa = PBXBuildFile; fileRef = 3F9EB3A4243310A9005BC388 /* officeBCollectionViewController.swift */; };
		3F9EB3A7243310FB005BC388 /* officeBCollectionViewCell.swift in Sources */ = {isa = PBXBuildFile; fileRef = 3F9EB3A6243310FB005BC388 /* officeBCollectionViewCell.swift */; };
		3F9EB3AA24331A06005BC388 /* bearersCVC.swift in Sources */ = {isa = PBXBuildFile; fileRef = 3F9EB3A924331A06005BC388 /* bearersCVC.swift */; };
		3F9EB3AC24331DEA005BC388 /* bearersCVCell.swift in Sources */ = {isa = PBXBuildFile; fileRef = 3F9EB3AB24331DEA005BC388 /* bearersCVCell.swift */; };
		3F9EB3AE2433A279005BC388 /* responsibilityVC.swift in Sources */ = {isa = PBXBuildFile; fileRef = 3F9EB3AD2433A279005BC388 /* responsibilityVC.swift */; };
		3FA895B72438854700F9AB51 /* lifeachawardCVC.swift in Sources */ = {isa = PBXBuildFile; fileRef = 3FA895B62438854700F9AB51 /* lifeachawardCVC.swift */; };
		3FA895B92438856600F9AB51 /* lifeachawardCell.swift in Sources */ = {isa = PBXBuildFile; fileRef = 3FA895B82438856600F9AB51 /* lifeachawardCell.swift */; };
		3FA895BC2438929300F9AB51 /* trainingBaseCVC.swift in Sources */ = {isa = PBXBuildFile; fileRef = 3FA895BB2438929300F9AB51 /* trainingBaseCVC.swift */; };
		3FA895BE243892AD00F9AB51 /* trainingbaseCell.swift in Sources */ = {isa = PBXBuildFile; fileRef = 3FA895BD243892AD00F9AB51 /* trainingbaseCell.swift */; };
		3FA895C0243892D000F9AB51 /* trainingSecondCVC.swift in Sources */ = {isa = PBXBuildFile; fileRef = 3FA895BF243892D000F9AB51 /* trainingSecondCVC.swift */; };
		3FA895C2243892F200F9AB51 /* trainingSecondCell.swift in Sources */ = {isa = PBXBuildFile; fileRef = 3FA895C1243892F200F9AB51 /* trainingSecondCell.swift */; };
		3FA895C42438930E00F9AB51 /* webviewTrainingVC.swift in Sources */ = {isa = PBXBuildFile; fileRef = 3FA895C32438930E00F9AB51 /* webviewTrainingVC.swift */; };
		3FA895C62438E1FE00F9AB51 /* syallabCVC.swift in Sources */ = {isa = PBXBuildFile; fileRef = 3FA895C52438E1FE00F9AB51 /* syallabCVC.swift */; };
		3FA895C82438E21D00F9AB51 /* syallabaCell.swift in Sources */ = {isa = PBXBuildFile; fileRef = 3FA895C72438E21D00F9AB51 /* syallabaCell.swift */; };
		3FC511B02436FA6D00CBDE7C /* membersocietCVC.swift in Sources */ = {isa = PBXBuildFile; fileRef = 3FC511AF2436FA6D00CBDE7C /* membersocietCVC.swift */; };
		3FC511B22436FE3D00CBDE7C /* memberCVCell.swift in Sources */ = {isa = PBXBuildFile; fileRef = 3FC511B12436FE3D00CBDE7C /* memberCVCell.swift */; };
		3FC511B42437060700CBDE7C /* fmsTVC.swift in Sources */ = {isa = PBXBuildFile; fileRef = 3FC511B32437060700CBDE7C /* fmsTVC.swift */; };
		3FC511B62437061F00CBDE7C /* fmsTVCell.swift in Sources */ = {isa = PBXBuildFile; fileRef = 3FC511B52437061F00CBDE7C /* fmsTVCell.swift */; };
		3FC511B82437074D00CBDE7C /* presidentTVC.swift in Sources */ = {isa = PBXBuildFile; fileRef = 3FC511B72437074D00CBDE7C /* presidentTVC.swift */; };
		3FC511BA2437076600CBDE7C /* secretaryTVC.swift in Sources */ = {isa = PBXBuildFile; fileRef = 3FC511B92437076600CBDE7C /* secretaryTVC.swift */; };
		3FC511BD24370C8000CBDE7C /* prizesandawardsCVC.swift in Sources */ = {isa = PBXBuildFile; fileRef = 3FC511BC24370C8000CBDE7C /* prizesandawardsCVC.swift */; };
		3FC511BF24370C9E00CBDE7C /* prizesandawardsCell.swift in Sources */ = {isa = PBXBuildFile; fileRef = 3FC511BE24370C9E00CBDE7C /* prizesandawardsCell.swift */; };
		3FC511C12437128900CBDE7C /* awwardWebViewVC.swift in Sources */ = {isa = PBXBuildFile; fileRef = 3FC511C02437128900CBDE7C /* awwardWebViewVC.swift */; };
		3FC511C3243719C700CBDE7C /* eligisoawardTVC.swift in Sources */ = {isa = PBXBuildFile; fileRef = 3FC511C2243719C700CBDE7C /* eligisoawardTVC.swift */; };
		3FC511C5243719EA00CBDE7C /* elisocawardTVCell.swift in Sources */ = {isa = PBXBuildFile; fileRef = 3FC511C4243719EA00CBDE7C /* elisocawardTVCell.swift */; };
		3FC511C7243764C100CBDE7C /* indiawardTVC.swift in Sources */ = {isa = PBXBuildFile; fileRef = 3FC511C6243764C100CBDE7C /* indiawardTVC.swift */; };
		3FC511C9243764E700CBDE7C /* indiawardVCell.swift in Sources */ = {isa = PBXBuildFile; fileRef = 3FC511C8243764E700CBDE7C /* indiawardVCell.swift */; };
		3FC511CB243785BA00CBDE7C /* textview768VC.swift in Sources */ = {isa = PBXBuildFile; fileRef = 3FC511CA243785BA00CBDE7C /* textview768VC.swift */; };
		3FF17954243065410047DAA1 /* codeOfConduct.swift in Sources */ = {isa = PBXBuildFile; fileRef = 3FF17953243065410047DAA1 /* codeOfConduct.swift */; };
		3FF179562430E5B10047DAA1 /* annualReportCollectionView.swift in Sources */ = {isa = PBXBuildFile; fileRef = 3FF179552430E5B10047DAA1 /* annualReportCollectionView.swift */; };
		3FF179582430E5E80047DAA1 /* anualReportCollectionViewCell.swift in Sources */ = {isa = PBXBuildFile; fileRef = 3FF179572430E5E80047DAA1 /* anualReportCollectionViewCell.swift */; };
		3FF1795A243102070047DAA1 /* annualWebView.swift in Sources */ = {isa = PBXBuildFile; fileRef = 3FF17959243102070047DAA1 /* annualWebView.swift */; };
		3FF1795C2431093B0047DAA1 /* administarieveVC.swift in Sources */ = {isa = PBXBuildFile; fileRef = 3FF1795B2431093B0047DAA1 /* administarieveVC.swift */; };
		3FF1795F243112FD0047DAA1 /* WebKit.framework in Frameworks */ = {isa = PBXBuildFile; fileRef = 3FF1795E243112FB0047DAA1 /* WebKit.framework */; };
/* End PBXBuildFile section */

/* Begin PBXFileReference section */
		3F08A4582422396200492AEA /* Fogsi iOS.app */ = {isa = PBXFileReference; explicitFileType = wrapper.application; includeInIndex = 0; path = "Fogsi iOS.app"; sourceTree = BUILT_PRODUCTS_DIR; };
		3F08A45B2422396200492AEA /* AppDelegate.swift */ = {isa = PBXFileReference; lastKnownFileType = sourcecode.swift; path = AppDelegate.swift; sourceTree = "<group>"; };
		3F08A45D2422396200492AEA /* ViewController.swift */ = {isa = PBXFileReference; lastKnownFileType = sourcecode.swift; path = ViewController.swift; sourceTree = "<group>"; };
		3F08A4602422396200492AEA /* Base */ = {isa = PBXFileReference; lastKnownFileType = file.storyboard; name = Base; path = Base.lproj/Main.storyboard; sourceTree = "<group>"; };
		3F08A4632422396200492AEA /* Fogsi_iOS.xcdatamodel */ = {isa = PBXFileReference; lastKnownFileType = wrapper.xcdatamodel; path = Fogsi_iOS.xcdatamodel; sourceTree = "<group>"; };
		3F08A4652422397100492AEA /* Assets.xcassets */ = {isa = PBXFileReference; lastKnownFileType = folder.assetcatalog; path = Assets.xcassets; sourceTree = "<group>"; };
		3F08A4682422397100492AEA /* Base */ = {isa = PBXFileReference; lastKnownFileType = file.storyboard; name = Base; path = Base.lproj/LaunchScreen.storyboard; sourceTree = "<group>"; };
		3F08A46A2422397100492AEA /* Info.plist */ = {isa = PBXFileReference; lastKnownFileType = text.plist.xml; path = Info.plist; sourceTree = "<group>"; };
		3F22E2FF242DCD4600AAE924 /* CollectionViewController1.swift */ = {isa = PBXFileReference; lastKnownFileType = sourcecode.swift; path = CollectionViewController1.swift; sourceTree = "<group>"; };
		3F22E301242DD3D900AAE924 /* CollectionViewCell1.swift */ = {isa = PBXFileReference; lastKnownFileType = sourcecode.swift; path = CollectionViewCell1.swift; sourceTree = "<group>"; };
		3F22E303242E3D4200AAE924 /* FogsiProfile.swift */ = {isa = PBXFileReference; lastKnownFileType = sourcecode.swift; path = FogsiProfile.swift; sourceTree = "<group>"; };
		3F35BD9024227430001CFE16 /* CollectionViewCell.swift */ = {isa = PBXFileReference; lastKnownFileType = sourcecode.swift; path = CollectionViewCell.swift; sourceTree = "<group>"; };
		3F35BD92242279D4001CFE16 /* CollectionReusableView.swift */ = {isa = PBXFileReference; lastKnownFileType = sourcecode.swift; path = CollectionReusableView.swift; sourceTree = "<group>"; };
		3F37510824346157000E7F99 /* pastVC.swift */ = {isa = PBXFileReference; lastKnownFileType = sourcecode.swift; path = pastVC.swift; sourceTree = "<group>"; };
		3F37510A24346531000E7F99 /* committeeCVC.swift */ = {isa = PBXFileReference; lastKnownFileType = sourcecode.swift; path = committeeCVC.swift; sourceTree = "<group>"; };
		3F37510D243466A6000E7F99 /* committeeCCell.swift */ = {isa = PBXFileReference; lastKnownFileType = sourcecode.swift; path = committeeCCell.swift; sourceTree = "<group>"; };
		3F3751102434DF83000E7F99 /* contactUsVC.swift */ = {isa = PBXFileReference; lastKnownFileType = sourcecode.swift; path = contactUsVC.swift; sourceTree = "<group>"; };
		3F3751122434DFE3000E7F99 /* MessageUI.framework */ = {isa = PBXFileReference; lastKnownFileType = wrapper.framework; name = MessageUI.framework; path = System/Library/Frameworks/MessageUI.framework; sourceTree = SDKROOT; };
		3F3751142434E49A000E7F99 /* MapKit.framework */ = {isa = PBXFileReference; lastKnownFileType = wrapper.framework; name = MapKit.framework; path = System/Library/Frameworks/MapKit.framework; sourceTree = SDKROOT; };
		3F5408B9242F97080039089B /* missionAndVision.swift */ = {isa = PBXFileReference; lastKnownFileType = sourcecode.swift; path = missionAndVision.swift; sourceTree = "<group>"; };
		3F5408BE242FC9CA0039089B /* Default-568h@2x.png */ = {isa = PBXFileReference; lastKnownFileType = image.png; path = "Default-568h@2x.png"; sourceTree = "<group>"; };
		3F54819B2435BBF600110904 /* newsLetterVC.swift */ = {isa = PBXFileReference; lastKnownFileType = sourcecode.swift; path = newsLetterVC.swift; sourceTree = "<group>"; };
		3F5481A2243646D100110904 /* fogsi2020TVC.swift */ = {isa = PBXFileReference; lastKnownFileType = sourcecode.swift; path = fogsi2020TVC.swift; sourceTree = "<group>"; };
		3F5481A42436470800110904 /* fogsi2020TVCell.swift */ = {isa = PBXFileReference; lastKnownFileType = sourcecode.swift; path = fogsi2020TVCell.swift; sourceTree = "<group>"; };
		3F9EB39A2431E1A8005BC388 /* constitutionWebView.swift */ = {isa = PBXFileReference; lastKnownFileType = sourcecode.swift; path = constitutionWebView.swift; sourceTree = "<group>"; };
		3F9EB39C2431E556005BC388 /* organoCollectionView.swift */ = {isa = PBXFileReference; lastKnownFileType = sourcecode.swift; path = organoCollectionView.swift; sourceTree = "<group>"; };
		3F9EB39E2431E580005BC388 /* organoCell.swift */ = {isa = PBXFileReference; lastKnownFileType = sourcecode.swift; path = organoCell.swift; sourceTree = "<group>"; };
		3F9EB3A4243310A9005BC388 /* officeBCollectionViewController.swift */ = {isa = PBXFileReference; lastKnownFileType = sourcecode.swift; path = officeBCollectionViewController.swift; sourceTree = "<group>"; };
		3F9EB3A6243310FB005BC388 /* officeBCollectionViewCell.swift */ = {isa = PBXFileReference; lastKnownFileType = sourcecode.swift; path = officeBCollectionViewCell.swift; sourceTree = "<group>"; };
		3F9EB3A924331A06005BC388 /* bearersCVC.swift */ = {isa = PBXFileReference; lastKnownFileType = sourcecode.swift; path = bearersCVC.swift; sourceTree = "<group>"; };
		3F9EB3AB24331DEA005BC388 /* bearersCVCell.swift */ = {isa = PBXFileReference; lastKnownFileType = sourcecode.swift; path = bearersCVCell.swift; sourceTree = "<group>"; };
		3F9EB3AD2433A279005BC388 /* responsibilityVC.swift */ = {isa = PBXFileReference; lastKnownFileType = sourcecode.swift; path = responsibilityVC.swift; sourceTree = "<group>"; };
		3FA895B62438854700F9AB51 /* lifeachawardCVC.swift */ = {isa = PBXFileReference; lastKnownFileType = sourcecode.swift; path = lifeachawardCVC.swift; sourceTree = "<group>"; };
		3FA895B82438856600F9AB51 /* lifeachawardCell.swift */ = {isa = PBXFileReference; lastKnownFileType = sourcecode.swift; path = lifeachawardCell.swift; sourceTree = "<group>"; };
		3FA895BB2438929300F9AB51 /* trainingBaseCVC.swift */ = {isa = PBXFileReference; lastKnownFileType = sourcecode.swift; path = trainingBaseCVC.swift; sourceTree = "<group>"; };
		3FA895BD243892AD00F9AB51 /* trainingbaseCell.swift */ = {isa = PBXFileReference; lastKnownFileType = sourcecode.swift; path = trainingbaseCell.swift; sourceTree = "<group>"; };
		3FA895BF243892D000F9AB51 /* trainingSecondCVC.swift */ = {isa = PBXFileReference; lastKnownFileType = sourcecode.swift; path = trainingSecondCVC.swift; sourceTree = "<group>"; };
		3FA895C1243892F200F9AB51 /* trainingSecondCell.swift */ = {isa = PBXFileReference; lastKnownFileType = sourcecode.swift; path = trainingSecondCell.swift; sourceTree = "<group>"; };
		3FA895C32438930E00F9AB51 /* webviewTrainingVC.swift */ = {isa = PBXFileReference; lastKnownFileType = sourcecode.swift; path = webviewTrainingVC.swift; sourceTree = "<group>"; };
		3FA895C52438E1FE00F9AB51 /* syallabCVC.swift */ = {isa = PBXFileReference; lastKnownFileType = sourcecode.swift; path = syallabCVC.swift; sourceTree = "<group>"; };
		3FA895C72438E21D00F9AB51 /* syallabaCell.swift */ = {isa = PBXFileReference; lastKnownFileType = sourcecode.swift; path = syallabaCell.swift; sourceTree = "<group>"; };
		3FC511AF2436FA6D00CBDE7C /* membersocietCVC.swift */ = {isa = PBXFileReference; lastKnownFileType = sourcecode.swift; path = membersocietCVC.swift; sourceTree = "<group>"; };
		3FC511B12436FE3D00CBDE7C /* memberCVCell.swift */ = {isa = PBXFileReference; lastKnownFileType = sourcecode.swift; path = memberCVCell.swift; sourceTree = "<group>"; };
		3FC511B32437060700CBDE7C /* fmsTVC.swift */ = {isa = PBXFileReference; lastKnownFileType = sourcecode.swift; path = fmsTVC.swift; sourceTree = "<group>"; };
		3FC511B52437061F00CBDE7C /* fmsTVCell.swift */ = {isa = PBXFileReference; lastKnownFileType = sourcecode.swift; path = fmsTVCell.swift; sourceTree = "<group>"; };
		3FC511B72437074D00CBDE7C /* presidentTVC.swift */ = {isa = PBXFileReference; lastKnownFileType = sourcecode.swift; path = presidentTVC.swift; sourceTree = "<group>"; };
		3FC511B92437076600CBDE7C /* secretaryTVC.swift */ = {isa = PBXFileReference; lastKnownFileType = sourcecode.swift; path = secretaryTVC.swift; sourceTree = "<group>"; };
		3FC511BC24370C8000CBDE7C /* prizesandawardsCVC.swift */ = {isa = PBXFileReference; lastKnownFileType = sourcecode.swift; path = prizesandawardsCVC.swift; sourceTree = "<group>"; };
		3FC511BE24370C9E00CBDE7C /* prizesandawardsCell.swift */ = {isa = PBXFileReference; lastKnownFileType = sourcecode.swift; path = prizesandawardsCell.swift; sourceTree = "<group>"; };
		3FC511C02437128900CBDE7C /* awwardWebViewVC.swift */ = {isa = PBXFileReference; lastKnownFileType = sourcecode.swift; path = awwardWebViewVC.swift; sourceTree = "<group>"; };
		3FC511C2243719C700CBDE7C /* eligisoawardTVC.swift */ = {isa = PBXFileReference; lastKnownFileType = sourcecode.swift; path = eligisoawardTVC.swift; sourceTree = "<group>"; };
		3FC511C4243719EA00CBDE7C /* elisocawardTVCell.swift */ = {isa = PBXFileReference; lastKnownFileType = sourcecode.swift; path = elisocawardTVCell.swift; sourceTree = "<group>"; };
		3FC511C6243764C100CBDE7C /* indiawardTVC.swift */ = {isa = PBXFileReference; lastKnownFileType = sourcecode.swift; path = indiawardTVC.swift; sourceTree = "<group>"; };
		3FC511C8243764E700CBDE7C /* indiawardVCell.swift */ = {isa = PBXFileReference; lastKnownFileType = sourcecode.swift; path = indiawardVCell.swift; sourceTree = "<group>"; };
		3FC511CA243785BA00CBDE7C /* textview768VC.swift */ = {isa = PBXFileReference; lastKnownFileType = sourcecode.swift; path = textview768VC.swift; sourceTree = "<group>"; };
		3FF17953243065410047DAA1 /* codeOfConduct.swift */ = {isa = PBXFileReference; lastKnownFileType = sourcecode.swift; path = codeOfConduct.swift; sourceTree = "<group>"; };
		3FF179552430E5B10047DAA1 /* annualReportCollectionView.swift */ = {isa = PBXFileReference; lastKnownFileType = sourcecode.swift; path = annualReportCollectionView.swift; sourceTree = "<group>"; };
		3FF179572430E5E80047DAA1 /* anualReportCollectionViewCell.swift */ = {isa = PBXFileReference; lastKnownFileType = sourcecode.swift; path = anualReportCollectionViewCell.swift; sourceTree = "<group>"; };
		3FF17959243102070047DAA1 /* annualWebView.swift */ = {isa = PBXFileReference; lastKnownFileType = sourcecode.swift; path = annualWebView.swift; sourceTree = "<group>"; };
		3FF1795B2431093B0047DAA1 /* administarieveVC.swift */ = {isa = PBXFileReference; lastKnownFileType = sourcecode.swift; path = administarieveVC.swift; sourceTree = "<group>"; };
		3FF1795E243112FB0047DAA1 /* WebKit.framework */ = {isa = PBXFileReference; lastKnownFileType = wrapper.framework; name = WebKit.framework; path = System/Library/Frameworks/WebKit.framework; sourceTree = SDKROOT; };
/* End PBXFileReference section */

/* Begin PBXFrameworksBuildPhase section */
		3F08A4552422396200492AEA /* Frameworks */ = {
			isa = PBXFrameworksBuildPhase;
			buildActionMask = 2147483647;
			files = (
				3F3751152434E49A000E7F99 /* MapKit.framework in Frameworks */,
				3F3751132434DFE3000E7F99 /* MessageUI.framework in Frameworks */,
				3FF1795F243112FD0047DAA1 /* WebKit.framework in Frameworks */,
			);
			runOnlyForDeploymentPostprocessing = 0;
		};
/* End PBXFrameworksBuildPhase section */

/* Begin PBXGroup section */
		3F08A44F2422396100492AEA = {
			isa = PBXGroup;
			children = (
				3F08A45A2422396200492AEA /* Fogsi iOS */,
				3FF1795D243112FB0047DAA1 /* Frameworks */,
			);
			sourceTree = "<group>";
		};
		3F08A4592422396200492AEA /* Products */ = {
			isa = PBXGroup;
			children = (
				3F08A4582422396200492AEA /* Fogsi iOS.app */,
			);
			name = Products;
			path = ..;
			sourceTree = "<group>";
		};
		3F08A45A2422396200492AEA /* Fogsi iOS */ = {
			isa = PBXGroup;
			children = (
				3F08A4592422396200492AEA /* Products */,
				3F5408BB242FC6B50039089B /* Main Menu */,
				3F5408BC242FC75F0039089B /* About Fogsi */,
				3F9EB3A124330FB7005BC388 /* Fogsi 2020 */,
				3F9EB3A824331115005BC388 /* Office Bearers */,
				3F37510C2434653B000E7F99 /* Committees */,
				3F37510F2434DF2E000E7F99 /* Contact Us */,
				3F54819D2436294500110904 /* Newsletter */,
				3FC511AE2436F90B00CBDE7C /* Member Society */,
				3FC511BB24370C5900CBDE7C /* Prizes and Awards */,
				3FA895BA2438925D00F9AB51 /* Training Program */,
				3F08A45F2422396200492AEA /* Main.storyboard */,
				3F08A4672422397100492AEA /* LaunchScreen.storyboard */,
				3F5408BE242FC9CA0039089B /* Default-568h@2x.png */,
				3F08A45B2422396200492AEA /* AppDelegate.swift */,
				3F08A4622422396200492AEA /* Fogsi_iOS.xcdatamodeld */,
				3F08A4652422397100492AEA /* Assets.xcassets */,
				3F08A46A2422397100492AEA /* Info.plist */,
			);
			path = "Fogsi iOS";
			sourceTree = "<group>";
		};
		3F37510C2434653B000E7F99 /* Committees */ = {
			isa = PBXGroup;
			children = (
				3F37510A24346531000E7F99 /* committeeCVC.swift */,
				3F37510D243466A6000E7F99 /* committeeCCell.swift */,
			);
			path = Committees;
			sourceTree = "<group>";
		};
		3F37510F2434DF2E000E7F99 /* Contact Us */ = {
			isa = PBXGroup;
			children = (
				3F3751102434DF83000E7F99 /* contactUsVC.swift */,
			);
			path = "Contact Us";
			sourceTree = "<group>";
		};
		3F5408BB242FC6B50039089B /* Main Menu */ = {
			isa = PBXGroup;
			children = (
				3F08A45D2422396200492AEA /* ViewController.swift */,
				3F35BD9024227430001CFE16 /* CollectionViewCell.swift */,
				3F35BD92242279D4001CFE16 /* CollectionReusableView.swift */,
			);
			path = "Main Menu";
			sourceTree = "<group>";
		};
		3F5408BC242FC75F0039089B /* About Fogsi */ = {
			isa = PBXGroup;
			children = (
				3F22E2FF242DCD4600AAE924 /* CollectionViewController1.swift */,
				3F22E301242DD3D900AAE924 /* CollectionViewCell1.swift */,
				3F22E303242E3D4200AAE924 /* FogsiProfile.swift */,
				3F5408B9242F97080039089B /* missionAndVision.swift */,
				3FF17953243065410047DAA1 /* codeOfConduct.swift */,
				3FF179552430E5B10047DAA1 /* annualReportCollectionView.swift */,
				3FF179572430E5E80047DAA1 /* anualReportCollectionViewCell.swift */,
				3FF17959243102070047DAA1 /* annualWebView.swift */,
				3FF1795B2431093B0047DAA1 /* administarieveVC.swift */,
				3F9EB39A2431E1A8005BC388 /* constitutionWebView.swift */,
				3F9EB39C2431E556005BC388 /* organoCollectionView.swift */,
				3F9EB39E2431E580005BC388 /* organoCell.swift */,
			);
			path = "About Fogsi";
			sourceTree = "<group>";
		};
		3F54819D2436294500110904 /* Newsletter */ = {
			isa = PBXGroup;
			children = (
				3F54819B2435BBF600110904 /* newsLetterVC.swift */,
			);
			path = Newsletter;
			sourceTree = "<group>";
		};
		3F9EB3A124330FB7005BC388 /* Fogsi 2020 */ = {
			isa = PBXGroup;
			children = (
				3F5481A2243646D100110904 /* fogsi2020TVC.swift */,
				3F5481A42436470800110904 /* fogsi2020TVCell.swift */,
			);
			path = "Fogsi 2020";
			sourceTree = "<group>";
		};
		3F9EB3A824331115005BC388 /* Office Bearers */ = {
			isa = PBXGroup;
			children = (
				3F9EB3A4243310A9005BC388 /* officeBCollectionViewController.swift */,
				3F9EB3A6243310FB005BC388 /* officeBCollectionViewCell.swift */,
				3F9EB3A924331A06005BC388 /* bearersCVC.swift */,
				3F9EB3AB24331DEA005BC388 /* bearersCVCell.swift */,
				3F9EB3AD2433A279005BC388 /* responsibilityVC.swift */,
				3F37510824346157000E7F99 /* pastVC.swift */,
			);
			path = "Office Bearers";
			sourceTree = "<group>";
		};
		3FA895BA2438925D00F9AB51 /* Training Program */ = {
			isa = PBXGroup;
			children = (
				3FA895BB2438929300F9AB51 /* trainingBaseCVC.swift */,
				3FA895BD243892AD00F9AB51 /* trainingbaseCell.swift */,
				3FA895BF243892D000F9AB51 /* trainingSecondCVC.swift */,
				3FA895C1243892F200F9AB51 /* trainingSecondCell.swift */,
				3FA895C32438930E00F9AB51 /* webviewTrainingVC.swift */,
				3FA895C52438E1FE00F9AB51 /* syallabCVC.swift */,
				3FA895C72438E21D00F9AB51 /* syallabaCell.swift */,
			);
			path = "Training Program";
			sourceTree = "<group>";
		};
		3FC511AE2436F90B00CBDE7C /* Member Society */ = {
			isa = PBXGroup;
			children = (
				3FC511AF2436FA6D00CBDE7C /* membersocietCVC.swift */,
				3FC511B12436FE3D00CBDE7C /* memberCVCell.swift */,
				3FC511B32437060700CBDE7C /* fmsTVC.swift */,
				3FC511B52437061F00CBDE7C /* fmsTVCell.swift */,
				3FC511B72437074D00CBDE7C /* presidentTVC.swift */,
				3FC511B92437076600CBDE7C /* secretaryTVC.swift */,
			);
			path = "Member Society";
			sourceTree = "<group>";
		};
		3FC511BB24370C5900CBDE7C /* Prizes and Awards */ = {
			isa = PBXGroup;
			children = (
				3FC511BC24370C8000CBDE7C /* prizesandawardsCVC.swift */,
				3FC511BE24370C9E00CBDE7C /* prizesandawardsCell.swift */,
				3FC511C02437128900CBDE7C /* awwardWebViewVC.swift */,
				3FC511C2243719C700CBDE7C /* eligisoawardTVC.swift */,
				3FC511C4243719EA00CBDE7C /* elisocawardTVCell.swift */,
				3FC511C6243764C100CBDE7C /* indiawardTVC.swift */,
				3FC511C8243764E700CBDE7C /* indiawardVCell.swift */,
				3FC511CA243785BA00CBDE7C /* textview768VC.swift */,
				3FA895B62438854700F9AB51 /* lifeachawardCVC.swift */,
				3FA895B82438856600F9AB51 /* lifeachawardCell.swift */,
			);
			path = "Prizes and Awards";
			sourceTree = "<group>";
		};
		3FF1795D243112FB0047DAA1 /* Frameworks */ = {
			isa = PBXGroup;
			children = (
				3F3751142434E49A000E7F99 /* MapKit.framework */,
				3F3751122434DFE3000E7F99 /* MessageUI.framework */,
				3FF1795E243112FB0047DAA1 /* WebKit.framework */,
			);
			name = Frameworks;
			sourceTree = "<group>";
		};
/* End PBXGroup section */

/* Begin PBXNativeTarget section */
		3F08A4572422396200492AEA /* Fogsi iOS */ = {
			isa = PBXNativeTarget;
			buildConfigurationList = 3F08A46D2422397100492AEA /* Build configuration list for PBXNativeTarget "Fogsi iOS" */;
			buildPhases = (
				3F08A4542422396200492AEA /* Sources */,
				3F08A4552422396200492AEA /* Frameworks */,
				3F08A4562422396200492AEA /* Resources */,
			);
			buildRules = (
			);
			dependencies = (
			);
			name = "Fogsi iOS";
			productName = "Fogsi iOS";
			productReference = 3F08A4582422396200492AEA /* Fogsi iOS.app */;
			productType = "com.apple.product-type.application";
		};
/* End PBXNativeTarget section */

/* Begin PBXProject section */
		3F08A4502422396100492AEA /* Project object */ = {
			isa = PBXProject;
			attributes = {
				LastSwiftUpdateCheck = 1010;
				LastUpgradeCheck = 1010;
				ORGANIZATIONNAME = "Dayal ND";
				TargetAttributes = {
					3F08A4572422396200492AEA = {
						CreatedOnToolsVersion = 10.1;
						LastSwiftMigration = 1140;
					};
				};
			};
			buildConfigurationList = 3F08A4532422396100492AEA /* Build configuration list for PBXProject "Fogsi iOS" */;
			compatibilityVersion = "Xcode 9.3";
			developmentRegion = en;
			hasScannedForEncodings = 0;
			knownRegions = (
				en,
				Base,
			);
			mainGroup = 3F08A44F2422396100492AEA;
			productRefGroup = 3F08A4592422396200492AEA /* Products */;
			projectDirPath = "";
			projectRoot = "";
			targets = (
				3F08A4572422396200492AEA /* Fogsi iOS */,
			);
		};
/* End PBXProject section */

/* Begin PBXResourcesBuildPhase section */
		3F08A4562422396200492AEA /* Resources */ = {
			isa = PBXResourcesBuildPhase;
			buildActionMask = 2147483647;
			files = (
				3F08A4692422397100492AEA /* LaunchScreen.storyboard in Resources */,
				3F5408BF242FC9CA0039089B /* Default-568h@2x.png in Resources */,
				3F08A4662422397100492AEA /* Assets.xcassets in Resources */,
				3F08A4612422396200492AEA /* Main.storyboard in Resources */,
			);
			runOnlyForDeploymentPostprocessing = 0;
		};
/* End PBXResourcesBuildPhase section */

/* Begin PBXSourcesBuildPhase section */
		3F08A4542422396200492AEA /* Sources */ = {
			isa = PBXSourcesBuildPhase;
			buildActionMask = 2147483647;
			files = (
				3FA895B92438856600F9AB51 /* lifeachawardCell.swift in Sources */,
				3F22E300242DCD4700AAE924 /* CollectionViewController1.swift in Sources */,
				3FC511B02436FA6D00CBDE7C /* membersocietCVC.swift in Sources */,
				3F9EB3AC24331DEA005BC388 /* bearersCVCell.swift in Sources */,
				3FA895C2243892F200F9AB51 /* trainingSecondCell.swift in Sources */,
				3F5481A3243646D100110904 /* fogsi2020TVC.swift in Sources */,
				3F22E302242DD3D900AAE924 /* CollectionViewCell1.swift in Sources */,
				3FC511BD24370C8000CBDE7C /* prizesandawardsCVC.swift in Sources */,
				3FA895BC2438929300F9AB51 /* trainingBaseCVC.swift in Sources */,
				3F5481A52436470800110904 /* fogsi2020TVCell.swift in Sources */,
				3F9EB39D2431E556005BC388 /* organoCollectionView.swift in Sources */,
				3F37510B24346531000E7F99 /* committeeCVC.swift in Sources */,
				3FF179582430E5E80047DAA1 /* anualReportCollectionViewCell.swift in Sources */,
				3F08A4642422396200492AEA /* Fogsi_iOS.xcdatamodeld in Sources */,
				3FA895C82438E21D00F9AB51 /* syallabaCell.swift in Sources */,
				3F9EB3AE2433A279005BC388 /* responsibilityVC.swift in Sources */,
				3FC511C9243764E700CBDE7C /* indiawardVCell.swift in Sources */,
				3FF1795A243102070047DAA1 /* annualWebView.swift in Sources */,
				3FC511C3243719C700CBDE7C /* eligisoawardTVC.swift in Sources */,
				3FF1795C2431093B0047DAA1 /* administarieveVC.swift in Sources */,
				3F08A45E2422396200492AEA /* ViewController.swift in Sources */,
				3FA895C42438930E00F9AB51 /* webviewTrainingVC.swift in Sources */,
				3F9EB39F2431E580005BC388 /* organoCell.swift in Sources */,
				3F3751112434DF83000E7F99 /* contactUsVC.swift in Sources */,
				3FC511B82437074D00CBDE7C /* presidentTVC.swift in Sources */,
				3FA895C62438E1FE00F9AB51 /* syallabCVC.swift in Sources */,
				3F9EB3AA24331A06005BC388 /* bearersCVC.swift in Sources */,
				3F37510E243466A6000E7F99 /* committeeCCell.swift in Sources */,
				3F35BD9124227430001CFE16 /* CollectionViewCell.swift in Sources */,
				3F9EB39B2431E1A9005BC388 /* constitutionWebView.swift in Sources */,
				3F9EB3A7243310FB005BC388 /* officeBCollectionViewCell.swift in Sources */,
				3F9EB3A5243310A9005BC388 /* officeBCollectionViewController.swift in Sources */,
				3FC511C12437128900CBDE7C /* awwardWebViewVC.swift in Sources */,
				3FA895B72438854700F9AB51 /* lifeachawardCVC.swift in Sources */,
				3FC511C5243719EA00CBDE7C /* elisocawardTVCell.swift in Sources */,
				3F37510924346157000E7F99 /* pastVC.swift in Sources */,
				3FC511CB243785BA00CBDE7C /* textview768VC.swift in Sources */,
				3FC511B62437061F00CBDE7C /* fmsTVCell.swift in Sources */,
				3F35BD93242279D4001CFE16 /* CollectionReusableView.swift in Sources */,
				3FA895BE243892AD00F9AB51 /* trainingbaseCell.swift in Sources */,
				3F22E304242E3D4200AAE924 /* FogsiProfile.swift in Sources */,
				3F5408BA242F97080039089B /* missionAndVision.swift in Sources */,
				3FA895C0243892D000F9AB51 /* trainingSecondCVC.swift in Sources */,
				3FC511BA2437076600CBDE7C /* secretaryTVC.swift in Sources */,
				3FC511B42437060700CBDE7C /* fmsTVC.swift in Sources */,
				3FC511BF24370C9E00CBDE7C /* prizesandawardsCell.swift in Sources */,
				3FF179562430E5B10047DAA1 /* annualReportCollectionView.swift in Sources */,
				3FF17954243065410047DAA1 /* codeOfConduct.swift in Sources */,
				3FC511C7243764C100CBDE7C /* indiawardTVC.swift in Sources */,
				3F08A45C2422396200492AEA /* AppDelegate.swift in Sources */,
				3F54819C2435BBF600110904 /* newsLetterVC.swift in Sources */,
				3FC511B22436FE3D00CBDE7C /* memberCVCell.swift in Sources */,
			);
			runOnlyForDeploymentPostprocessing = 0;
		};
/* End PBXSourcesBuildPhase section */

/* Begin PBXVariantGroup section */
		3F08A45F2422396200492AEA /* Main.storyboard */ = {
			isa = PBXVariantGroup;
			children = (
				3F08A4602422396200492AEA /* Base */,
			);
			name = Main.storyboard;
			sourceTree = "<group>";
		};
		3F08A4672422397100492AEA /* LaunchScreen.storyboard */ = {
			isa = PBXVariantGroup;
			children = (
				3F08A4682422397100492AEA /* Base */,
			);
			name = LaunchScreen.storyboard;
			sourceTree = "<group>";
		};
/* End PBXVariantGroup section */

/* Begin XCBuildConfiguration section */
		3F08A46B2422397100492AEA /* Debug */ = {
			isa = XCBuildConfiguration;
			buildSettings = {
				ALWAYS_SEARCH_USER_PATHS = NO;
				CLANG_ANALYZER_NONNULL = YES;
				CLANG_ANALYZER_NUMBER_OBJECT_CONVERSION = YES_AGGRESSIVE;
				CLANG_CXX_LANGUAGE_STANDARD = "gnu++14";
				CLANG_CXX_LIBRARY = "libc++";
				CLANG_ENABLE_MODULES = YES;
				CLANG_ENABLE_OBJC_ARC = YES;
				CLANG_ENABLE_OBJC_WEAK = YES;
				CLANG_WARN_BLOCK_CAPTURE_AUTORELEASING = YES;
				CLANG_WARN_BOOL_CONVERSION = YES;
				CLANG_WARN_COMMA = YES;
				CLANG_WARN_CONSTANT_CONVERSION = YES;
				CLANG_WARN_DEPRECATED_OBJC_IMPLEMENTATIONS = YES;
				CLANG_WARN_DIRECT_OBJC_ISA_USAGE = YES_ERROR;
				CLANG_WARN_DOCUMENTATION_COMMENTS = YES;
				CLANG_WARN_EMPTY_BODY = YES;
				CLANG_WARN_ENUM_CONVERSION = YES;
				CLANG_WARN_INFINITE_RECURSION = YES;
				CLANG_WARN_INT_CONVERSION = YES;
				CLANG_WARN_NON_LITERAL_NULL_CONVERSION = YES;
				CLANG_WARN_OBJC_IMPLICIT_RETAIN_SELF = YES;
				CLANG_WARN_OBJC_LITERAL_CONVERSION = YES;
				CLANG_WARN_OBJC_ROOT_CLASS = YES_ERROR;
				CLANG_WARN_RANGE_LOOP_ANALYSIS = YES;
				CLANG_WARN_STRICT_PROTOTYPES = YES;
				CLANG_WARN_SUSPICIOUS_MOVE = YES;
				CLANG_WARN_UNGUARDED_AVAILABILITY = YES_AGGRESSIVE;
				CLANG_WARN_UNREACHABLE_CODE = YES;
				CLANG_WARN__DUPLICATE_METHOD_MATCH = YES;
				CODE_SIGN_IDENTITY = "iPhone Developer";
				COPY_PHASE_STRIP = NO;
				DEBUG_INFORMATION_FORMAT = dwarf;
				ENABLE_STRICT_OBJC_MSGSEND = YES;
				ENABLE_TESTABILITY = YES;
				GCC_C_LANGUAGE_STANDARD = gnu11;
				GCC_DYNAMIC_NO_PIC = NO;
				GCC_NO_COMMON_BLOCKS = YES;
				GCC_OPTIMIZATION_LEVEL = 0;
				GCC_PREPROCESSOR_DEFINITIONS = (
					"DEBUG=1",
					"$(inherited)",
				);
				GCC_WARN_64_TO_32_BIT_CONVERSION = YES;
				GCC_WARN_ABOUT_RETURN_TYPE = YES_ERROR;
				GCC_WARN_UNDECLARED_SELECTOR = YES;
				GCC_WARN_UNINITIALIZED_AUTOS = YES_AGGRESSIVE;
				GCC_WARN_UNUSED_FUNCTION = YES;
				GCC_WARN_UNUSED_VARIABLE = YES;
				IPHONEOS_DEPLOYMENT_TARGET = 12.1;
				MTL_ENABLE_DEBUG_INFO = INCLUDE_SOURCE;
				MTL_FAST_MATH = YES;
				ONLY_ACTIVE_ARCH = YES;
				SDKROOT = iphoneos;
				SWIFT_ACTIVE_COMPILATION_CONDITIONS = DEBUG;
				SWIFT_OPTIMIZATION_LEVEL = "-Onone";
			};
			name = Debug;
		};
		3F08A46C2422397100492AEA /* Release */ = {
			isa = XCBuildConfiguration;
			buildSettings = {
				ALWAYS_SEARCH_USER_PATHS = NO;
				CLANG_ANALYZER_NONNULL = YES;
				CLANG_ANALYZER_NUMBER_OBJECT_CONVERSION = YES_AGGRESSIVE;
				CLANG_CXX_LANGUAGE_STANDARD = "gnu++14";
				CLANG_CXX_LIBRARY = "libc++";
				CLANG_ENABLE_MODULES = YES;
				CLANG_ENABLE_OBJC_ARC = YES;
				CLANG_ENABLE_OBJC_WEAK = YES;
				CLANG_WARN_BLOCK_CAPTURE_AUTORELEASING = YES;
				CLANG_WARN_BOOL_CONVERSION = YES;
				CLANG_WARN_COMMA = YES;
				CLANG_WARN_CONSTANT_CONVERSION = YES;
				CLANG_WARN_DEPRECATED_OBJC_IMPLEMENTATIONS = YES;
				CLANG_WARN_DIRECT_OBJC_ISA_USAGE = YES_ERROR;
				CLANG_WARN_DOCUMENTATION_COMMENTS = YES;
				CLANG_WARN_EMPTY_BODY = YES;
				CLANG_WARN_ENUM_CONVERSION = YES;
				CLANG_WARN_INFINITE_RECURSION = YES;
				CLANG_WARN_INT_CONVERSION = YES;
				CLANG_WARN_NON_LITERAL_NULL_CONVERSION = YES;
				CLANG_WARN_OBJC_IMPLICIT_RETAIN_SELF = YES;
				CLANG_WARN_OBJC_LITERAL_CONVERSION = YES;
				CLANG_WARN_OBJC_ROOT_CLASS = YES_ERROR;
				CLANG_WARN_RANGE_LOOP_ANALYSIS = YES;
				CLANG_WARN_STRICT_PROTOTYPES = YES;
				CLANG_WARN_SUSPICIOUS_MOVE = YES;
				CLANG_WARN_UNGUARDED_AVAILABILITY = YES_AGGRESSIVE;
				CLANG_WARN_UNREACHABLE_CODE = YES;
				CLANG_WARN__DUPLICATE_METHOD_MATCH = YES;
				CODE_SIGN_IDENTITY = "iPhone Developer";
				COPY_PHASE_STRIP = NO;
				DEBUG_INFORMATION_FORMAT = "dwarf-with-dsym";
				ENABLE_NS_ASSERTIONS = NO;
				ENABLE_STRICT_OBJC_MSGSEND = YES;
				GCC_C_LANGUAGE_STANDARD = gnu11;
				GCC_NO_COMMON_BLOCKS = YES;
				GCC_WARN_64_TO_32_BIT_CONVERSION = YES;
				GCC_WARN_ABOUT_RETURN_TYPE = YES_ERROR;
				GCC_WARN_UNDECLARED_SELECTOR = YES;
				GCC_WARN_UNINITIALIZED_AUTOS = YES_AGGRESSIVE;
				GCC_WARN_UNUSED_FUNCTION = YES;
				GCC_WARN_UNUSED_VARIABLE = YES;
				IPHONEOS_DEPLOYMENT_TARGET = 12.1;
				MTL_ENABLE_DEBUG_INFO = NO;
				MTL_FAST_MATH = YES;
				SDKROOT = iphoneos;
				SWIFT_COMPILATION_MODE = wholemodule;
				SWIFT_OPTIMIZATION_LEVEL = "-O";
				VALIDATE_PRODUCT = YES;
			};
			name = Release;
		};
		3F08A46E2422397100492AEA /* Debug */ = {
			isa = XCBuildConfiguration;
			buildSettings = {
				ASSETCATALOG_COMPILER_APPICON_NAME = AppIcon;
				CODE_SIGN_STYLE = Automatic;
				INFOPLIST_FILE = "Fogsi iOS/Info.plist";
				LD_RUNPATH_SEARCH_PATHS = (
					"$(inherited)",
					"@executable_path/Frameworks",
				);
				PRODUCT_BUNDLE_IDENTIFIER = "dayal.Fogsi-iOS";
				PRODUCT_NAME = "$(TARGET_NAME)";
				SWIFT_VERSION = 5.0;
				TARGETED_DEVICE_FAMILY = "1,2";
			};
			name = Debug;
		};
		3F08A46F2422397100492AEA /* Release */ = {
			isa = XCBuildConfiguration;
			buildSettings = {
				ASSETCATALOG_COMPILER_APPICON_NAME = AppIcon;
				CODE_SIGN_STYLE = Automatic;
				INFOPLIST_FILE = "Fogsi iOS/Info.plist";
				LD_RUNPATH_SEARCH_PATHS = (
					"$(inherited)",
					"@executable_path/Frameworks",
				);
				PRODUCT_BUNDLE_IDENTIFIER = "dayal.Fogsi-iOS";
				PRODUCT_NAME = "$(TARGET_NAME)";
				SWIFT_VERSION = 5.0;
				TARGETED_DEVICE_FAMILY = "1,2";
			};
			name = Release;
		};
/* End XCBuildConfiguration section */

/* Begin XCConfigurationList section */
		3F08A4532422396100492AEA /* Build configuration list for PBXProject "Fogsi iOS" */ = {
			isa = XCConfigurationList;
			buildConfigurations = (
				3F08A46B2422397100492AEA /* Debug */,
				3F08A46C2422397100492AEA /* Release */,
			);
			defaultConfigurationIsVisible = 0;
			defaultConfigurationName = Release;
		};
		3F08A46D2422397100492AEA /* Build configuration list for PBXNativeTarget "Fogsi iOS" */ = {
			isa = XCConfigurationList;
			buildConfigurations = (
				3F08A46E2422397100492AEA /* Debug */,
				3F08A46F2422397100492AEA /* Release */,
			);
			defaultConfigurationIsVisible = 0;
			defaultConfigurationName = Release;
		};
/* End XCConfigurationList section */

/* Begin XCVersionGroup section */
		3F08A4622422396200492AEA /* Fogsi_iOS.xcdatamodeld */ = {
			isa = XCVersionGroup;
			children = (
				3F08A4632422396200492AEA /* Fogsi_iOS.xcdatamodel */,
			);
			currentVersion = 3F08A4632422396200492AEA /* Fogsi_iOS.xcdatamodel */;
			path = Fogsi_iOS.xcdatamodeld;
			sourceTree = "<group>";
			versionGroupType = wrapper.xcdatamodel;
		};
/* End XCVersionGroup section */
	};
	rootObject = 3F08A4502422396100492AEA /* Project object */;
}
